<?xml version="1.0" encoding="utf-8"?>
<Project ToolsVersion="17.0" xmlns="http://schemas.microsoft.com/developer/msbuild/2003">
  <ItemGroup>
    <ClCompile Include="Source.c">
      <Filter>Source Files</Filter>
    </ClCompile>
    <ClCompile Include="shader_helper.c">
      <Filter>Source Files</Filter>
    </ClCompile>
    <ClCompile Include="camera.c">
      <Filter>Source Files</Filter>
    </ClCompile>
    <ClCompile Include="..\..\..\..\glfw-3.3.8\deps\glad_gl.c">
      <Filter>Source Files</Filter>
    </ClCompile>
  </ItemGroup>
  <ItemGroup>
    <ClInclude Include="C:\Users\danny\OneDrive\Documents\glfw-3.3.8\deps\glad\gl.h">
      <Filter>Header Files</Filter>
    </ClInclude>
    <ClInclude Include="shader_helper.h">
      <Filter>Header Files</Filter>
    </ClInclude>
    <ClInclude Include="camera.h">
      <Filter>Header Files</Filter>
    </ClInclude>
  </ItemGroup>
  <ItemGroup>
    <ResourceCompile Include="C:\Users\danny\OneDrive\Documents\glfw-3.3.8\examples\glfw.rc">
      <Filter>Source Files</Filter>
    </ResourceCompile>
  </ItemGroup>
  <ItemGroup>
    <Filter Include="Header Files">
      <UniqueIdentifier>{84A3294A-B6F2-327A-970F-2DCFDA5099A8}</UniqueIdentifier>
    </Filter>
    <Filter Include="Source Files">
      <UniqueIdentifier>{11993645-092B-316A-B47C-1A21E21F5CDA}</UniqueIdentifier>
    </Filter>
  </ItemGroup>
  <ItemGroup>
    <Library Include="cglm.lib" />
    <Library Include="glfw3.lib" />
  </ItemGroup>
  <ItemGroup>
    <None Include="glfw3.pdb" />
    <None Include="cglm.dll" />
    <None Include="terrain_shader.frag" />
    <None Include="terrain_shader.vert" />
    <None Include="skybox_shader.frag" />
    <None Include="skybox_shader.vert" />
  </ItemGroup>
</Project>