
Microsoft Visual Studio Solution File, Format Version 12.00
# Visual Studio Version 17
VisualStudioVersion = 17.3.32819.101
MinimumVisualStudioVersion = 10.0.40219.1
Project("{8BC9CEB8-8B4A-11D0-8D11-00A0C91BC942}") = "Test1", "Test1\Test1.vcxproj", "{25909E64-8B18-4D3A-9CB5-F4F66BDCC8FF}"
EndProject
Project("{8BC9CEB8-8B4A-11D0-8D11-00A0C91BC942}") = "Pyramid", "Pyramid\Pyramid.vcxproj", "{8FC19318-CA03-4647-A6AB-B4CC3B0E216A}"
EndProject
Project("{8BC9CEB8-8B4A-11D0-8D11-00A0C91BC942}") = "chap_2_1_pixel_pulse", "chap_2_1_pixel_pulse\chap_2_1_pixel_pulse.vcxproj", "{3DBA2104-24D1-47A0-8577-6F881A703489}"
EndProject
Project("{8BC9CEB8-8B4A-11D0-8D11-00A0C91BC942}") = "chap_2_2_isosceles_triangle", "chap_2_2_isosceles_triangle\chap_2_2_isosceles_triangle.vcxproj", "{31CDBE6B-9284-4959-B778-4080E3C6CA39}"
EndProject
Project("{8BC9CEB8-8B4A-11D0-8D11-00A0C91BC942}") = "opengl_template2", "opengl_template2\opengl_template2.vcxproj", "{588DC31A-CC31-4CD9-9C3C-9CE92C4F5871}"
EndProject
Project("{8BC9CEB8-8B4A-11D0-8D11-00A0C91BC942}") = "chap_3_1_matrix_move", "chap_3_1_matrix_move\chap_3_1_matrix_move.vcxproj", "{5F518D69-FEE2-423C-9CA3-FAAABF904848}"
EndProject
Project("{8BC9CEB8-8B4A-11D0-8D11-00A0C91BC942}") = "chap_4_cube_matrix_with_perspective", "chap_4_simple_cube\chap_4_simple_cube.vcxproj", "{EF54D949-E0C9-4A36-8EC9-A946EAC881B2}"
EndProject
Project("{8BC9CEB8-8B4A-11D0-8D11-00A0C91BC942}") = "chap_4_simple_cube_2", "chap_4_simple_cube_2\chap_4_simple_cube_2.vcxproj", "{E5AE3DF1-95E4-4F57-8619-131901BE60BE}"
EndProject
Project("{8BC9CEB8-8B4A-11D0-8D11-00A0C91BC942}") = "chap_4_3_orbitting_cubes", "chap_4_3_orbitting_cubes\chap_4_3_orbitting_cubes.vcxproj", "{23A61216-ADA7-46CD-B129-6088F4C5A0AB}"
EndProject
Project("{8BC9CEB8-8B4A-11D0-8D11-00A0C91BC942}") = "Chap_5_0_Textured_Cube", "Chap_5_0_Textured_Cube\Chap_5_0_Textured_Cube.vcxproj", "{60123972-EE64-423A-99CD-20935A5C39D6}"
EndProject
Project("{8BC9CEB8-8B4A-11D0-8D11-00A0C91BC942}") = "chap_5_orbitting_planets_textured1", "chap_5_orbitting_planets_textured1\chap_5_orbitting_planets_textured1.vcxproj", "{7D9908C1-C778-4411-8D31-8C7FFAE2F099}"
EndProject
Project("{8BC9CEB8-8B4A-11D0-8D11-00A0C91BC942}") = "chap_6_3_externally_produced_models", "chap_6_3_externally_produced_models\chap_6_3_externally_produced_models.vcxproj", "{EF063647-53F8-4726-9BB9-D0E1BEC46A87}"
EndProject
Project("{8BC9CEB8-8B4A-11D0-8D11-00A0C91BC942}") = "chap_6_orbits_with_alien", "chap_6_orbits_with_alien\chap_6_orbits_with_alien.vcxproj", "{2E44EF1B-2BE1-4EDE-9207-0ECC71FC2247}"
EndProject
Project("{8BC9CEB8-8B4A-11D0-8D11-00A0C91BC942}") = "chap_7_phong_lighting", "chap_7_phong_lighting\chap_7_phong_lighting.vcxproj", "{49112D17-FB78-42A6-B05B-D79D0CB48F12}"
EndProject
Project("{8BC9CEB8-8B4A-11D0-8D11-00A0C91BC942}") = "chap_7_phong_lighting_1_Objects1", "chap_7_phong_lighting_1_Objects1\chap_7_phong_lighting_1_Objects1.vcxproj", "{6F6875EE-2CA5-4CBA-8DF3-BCE016141E6E}"
EndProject
Project("{8BC9CEB8-8B4A-11D0-8D11-00A0C91BC942}") = "pyramid_phong_lighting", "pyramid_phong_lighting\pyramid_phong_lighting.vcxproj", "{0021A45A-47D4-43E3-A1E2-B28FC59C1C3B}"
EndProject
Project("{8BC9CEB8-8B4A-11D0-8D11-00A0C91BC942}") = "chap_7_ pokemon_lighting", "chap_7_ pokemon_lighting\chap_7_ pokemon_lighting.vcxproj", "{E8F9443A-B18D-487C-852A-C762DA10B769}"
EndProject
Project("{8BC9CEB8-8B4A-11D0-8D11-00A0C91BC942}") = "chap_7_multi_lit_scene", "chap_7_multi_lit_scene\chap_7_multi_lit_scene.vcxproj", "{EA8ECB8A-6A35-4406-BC39-A1D8A6B4AEB2}"
EndProject
Project("{8BC9CEB8-8B4A-11D0-8D11-00A0C91BC942}") = "C_proj_demo", "C_proj_demo\C_proj_demo.vcxproj", "{D4615D38-BE44-4F40-8CF1-8723DF3481AC}"
EndProject
Project("{8BC9CEB8-8B4A-11D0-8D11-00A0C91BC942}") = "Hello_Cube", "Hello_Cube\Hello_Cube.vcxproj", "{C3FB0AC5-3D1F-439E-9641-EA47B71494EB}"
EndProject
Project("{8BC9CEB8-8B4A-11D0-8D11-00A0C91BC942}") = "c_pyramid_with_texture_and_lighting", "c_pyramid_with_texture_and_lighting\c_pyramid_with_texture_and_lighting.vcxproj", "{19AAD1E4-5D87-415B-8C6D-C8DE9BC5140A}"
EndProject
Project("{8BC9CEB8-8B4A-11D0-8D11-00A0C91BC942}") = "c_terrain_generation", "c_terrain_generation\c_terrain_generation.vcxproj", "{B0456A01-8683-46D3-B916-B13A56AFC1BA}"
EndProject
Project("{8BC9CEB8-8B4A-11D0-8D11-00A0C91BC942}") = "c_opengl_template_version_21", "c_opengl_template_version_21\c_opengl_template_version_21.vcxproj", "{2EC27F7C-903E-4268-910B-F221B2B4A93F}"
EndProject
Global
	GlobalSection(SolutionConfigurationPlatforms) = preSolution
		Debug|x64 = Debug|x64
		Debug|x86 = Debug|x86
		MinSizeRel|x64 = MinSizeRel|x64
		MinSizeRel|x86 = MinSizeRel|x86
		Release|x64 = Release|x64
		Release|x86 = Release|x86
		RelWithDebInfo|x64 = RelWithDebInfo|x64
		RelWithDebInfo|x86 = RelWithDebInfo|x86
	EndGlobalSection
	GlobalSection(ProjectConfigurationPlatforms) = postSolution
		{25909E64-8B18-4D3A-9CB5-F4F66BDCC8FF}.Debug|x64.ActiveCfg = Debug|x64
		{25909E64-8B18-4D3A-9CB5-F4F66BDCC8FF}.Debug|x64.Build.0 = Debug|x64
		{25909E64-8B18-4D3A-9CB5-F4F66BDCC8FF}.Debug|x86.ActiveCfg = Debug|Win32
		{25909E64-8B18-4D3A-9CB5-F4F66BDCC8FF}.Debug|x86.Build.0 = Debug|Win32
		{25909E64-8B18-4D3A-9CB5-F4F66BDCC8FF}.MinSizeRel|x64.ActiveCfg = Release|x64
		{25909E64-8B18-4D3A-9CB5-F4F66BDCC8FF}.MinSizeRel|x64.Build.0 = Release|x64
		{25909E64-8B18-4D3A-9CB5-F4F66BDCC8FF}.MinSizeRel|x86.ActiveCfg = Release|Win32
		{25909E64-8B18-4D3A-9CB5-F4F66BDCC8FF}.MinSizeRel|x86.Build.0 = Release|Win32
		{25909E64-8B18-4D3A-9CB5-F4F66BDCC8FF}.Release|x64.ActiveCfg = Release|x64
		{25909E64-8B18-4D3A-9CB5-F4F66BDCC8FF}.Release|x64.Build.0 = Release|x64
		{25909E64-8B18-4D3A-9CB5-F4F66BDCC8FF}.Release|x86.ActiveCfg = Release|Win32
		{25909E64-8B18-4D3A-9CB5-F4F66BDCC8FF}.Release|x86.Build.0 = Release|Win32
		{25909E64-8B18-4D3A-9CB5-F4F66BDCC8FF}.RelWithDebInfo|x64.ActiveCfg = Release|x64
		{25909E64-8B18-4D3A-9CB5-F4F66BDCC8FF}.RelWithDebInfo|x64.Build.0 = Release|x64
		{25909E64-8B18-4D3A-9CB5-F4F66BDCC8FF}.RelWithDebInfo|x86.ActiveCfg = Release|Win32
		{25909E64-8B18-4D3A-9CB5-F4F66BDCC8FF}.RelWithDebInfo|x86.Build.0 = Release|Win32
		{8FC19318-CA03-4647-A6AB-B4CC3B0E216A}.Debug|x64.ActiveCfg = Debug|x64
		{8FC19318-CA03-4647-A6AB-B4CC3B0E216A}.Debug|x64.Build.0 = Debug|x64
		{8FC19318-CA03-4647-A6AB-B4CC3B0E216A}.Debug|x86.ActiveCfg = Debug|Win32
		{8FC19318-CA03-4647-A6AB-B4CC3B0E216A}.Debug|x86.Build.0 = Debug|Win32
		{8FC19318-CA03-4647-A6AB-B4CC3B0E216A}.MinSizeRel|x64.ActiveCfg = Release|x64
		{8FC19318-CA03-4647-A6AB-B4CC3B0E216A}.MinSizeRel|x64.Build.0 = Release|x64
		{8FC19318-CA03-4647-A6AB-B4CC3B0E216A}.MinSizeRel|x86.ActiveCfg = Release|Win32
		{8FC19318-CA03-4647-A6AB-B4CC3B0E216A}.MinSizeRel|x86.Build.0 = Release|Win32
		{8FC19318-CA03-4647-A6AB-B4CC3B0E216A}.Release|x64.ActiveCfg = Release|x64
		{8FC19318-CA03-4647-A6AB-B4CC3B0E216A}.Release|x64.Build.0 = Release|x64
		{8FC19318-CA03-4647-A6AB-B4CC3B0E216A}.Release|x86.ActiveCfg = Release|Win32
		{8FC19318-CA03-4647-A6AB-B4CC3B0E216A}.Release|x86.Build.0 = Release|Win32
		{8FC19318-CA03-4647-A6AB-B4CC3B0E216A}.RelWithDebInfo|x64.ActiveCfg = Release|x64
		{8FC19318-CA03-4647-A6AB-B4CC3B0E216A}.RelWithDebInfo|x64.Build.0 = Release|x64
		{8FC19318-CA03-4647-A6AB-B4CC3B0E216A}.RelWithDebInfo|x86.ActiveCfg = Release|Win32
		{8FC19318-CA03-4647-A6AB-B4CC3B0E216A}.RelWithDebInfo|x86.Build.0 = Release|Win32
		{3DBA2104-24D1-47A0-8577-6F881A703489}.Debug|x64.ActiveCfg = Debug|x64
		{3DBA2104-24D1-47A0-8577-6F881A703489}.Debug|x64.Build.0 = Debug|x64
		{3DBA2104-24D1-47A0-8577-6F881A703489}.Debug|x86.ActiveCfg = Debug|Win32
		{3DBA2104-24D1-47A0-8577-6F881A703489}.Debug|x86.Build.0 = Debug|Win32
		{3DBA2104-24D1-47A0-8577-6F881A703489}.MinSizeRel|x64.ActiveCfg = Release|x64
		{3DBA2104-24D1-47A0-8577-6F881A703489}.MinSizeRel|x64.Build.0 = Release|x64
		{3DBA2104-24D1-47A0-8577-6F881A703489}.MinSizeRel|x86.ActiveCfg = Release|Win32
		{3DBA2104-24D1-47A0-8577-6F881A703489}.MinSizeRel|x86.Build.0 = Release|Win32
		{3DBA2104-24D1-47A0-8577-6F881A703489}.Release|x64.ActiveCfg = Release|x64
		{3DBA2104-24D1-47A0-8577-6F881A703489}.Release|x64.Build.0 = Release|x64
		{3DBA2104-24D1-47A0-8577-6F881A703489}.Release|x86.ActiveCfg = Release|Win32
		{3DBA2104-24D1-47A0-8577-6F881A703489}.Release|x86.Build.0 = Release|Win32
		{3DBA2104-24D1-47A0-8577-6F881A703489}.RelWithDebInfo|x64.ActiveCfg = Release|x64
		{3DBA2104-24D1-47A0-8577-6F881A703489}.RelWithDebInfo|x64.Build.0 = Release|x64
		{3DBA2104-24D1-47A0-8577-6F881A703489}.RelWithDebInfo|x86.ActiveCfg = Release|Win32
		{3DBA2104-24D1-47A0-8577-6F881A703489}.RelWithDebInfo|x86.Build.0 = Release|Win32
		{31CDBE6B-9284-4959-B778-4080E3C6CA39}.Debug|x64.ActiveCfg = Debug|x64
		{31CDBE6B-9284-4959-B778-4080E3C6CA39}.Debug|x64.Build.0 = Debug|x64
		{31CDBE6B-9284-4959-B778-4080E3C6CA39}.Debug|x86.ActiveCfg = Debug|Win32
		{31CDBE6B-9284-4959-B778-4080E3C6CA39}.Debug|x86.Build.0 = Debug|Win32
		{31CDBE6B-9284-4959-B778-4080E3C6CA39}.MinSizeRel|x64.ActiveCfg = Release|x64
		{31CDBE6B-9284-4959-B778-4080E3C6CA39}.MinSizeRel|x64.Build.0 = Release|x64
		{31CDBE6B-9284-4959-B778-4080E3C6CA39}.MinSizeRel|x86.ActiveCfg = Release|Win32
		{31CDBE6B-9284-4959-B778-4080E3C6CA39}.MinSizeRel|x86.Build.0 = Release|Win32
		{31CDBE6B-9284-4959-B778-4080E3C6CA39}.Release|x64.ActiveCfg = Release|x64
		{31CDBE6B-9284-4959-B778-4080E3C6CA39}.Release|x64.Build.0 = Release|x64
		{31CDBE6B-9284-4959-B778-4080E3C6CA39}.Release|x86.ActiveCfg = Release|Win32
		{31CDBE6B-9284-4959-B778-4080E3C6CA39}.Release|x86.Build.0 = Release|Win32
		{31CDBE6B-9284-4959-B778-4080E3C6CA39}.RelWithDebInfo|x64.ActiveCfg = Release|x64
		{31CDBE6B-9284-4959-B778-4080E3C6CA39}.RelWithDebInfo|x64.Build.0 = Release|x64
		{31CDBE6B-9284-4959-B778-4080E3C6CA39}.RelWithDebInfo|x86.ActiveCfg = Release|Win32
		{31CDBE6B-9284-4959-B778-4080E3C6CA39}.RelWithDebInfo|x86.Build.0 = Release|Win32
		{588DC31A-CC31-4CD9-9C3C-9CE92C4F5871}.Debug|x64.ActiveCfg = Debug|x64
		{588DC31A-CC31-4CD9-9C3C-9CE92C4F5871}.Debug|x64.Build.0 = Debug|x64
		{588DC31A-CC31-4CD9-9C3C-9CE92C4F5871}.Debug|x86.ActiveCfg = Debug|Win32
		{588DC31A-CC31-4CD9-9C3C-9CE92C4F5871}.Debug|x86.Build.0 = Debug|Win32
		{588DC31A-CC31-4CD9-9C3C-9CE92C4F5871}.MinSizeRel|x64.ActiveCfg = Release|x64
		{588DC31A-CC31-4CD9-9C3C-9CE92C4F5871}.MinSizeRel|x64.Build.0 = Release|x64
		{588DC31A-CC31-4CD9-9C3C-9CE92C4F5871}.MinSizeRel|x86.ActiveCfg = Release|Win32
		{588DC31A-CC31-4CD9-9C3C-9CE92C4F5871}.MinSizeRel|x86.Build.0 = Release|Win32
		{588DC31A-CC31-4CD9-9C3C-9CE92C4F5871}.Release|x64.ActiveCfg = Release|x64
		{588DC31A-CC31-4CD9-9C3C-9CE92C4F5871}.Release|x64.Build.0 = Release|x64
		{588DC31A-CC31-4CD9-9C3C-9CE92C4F5871}.Release|x86.ActiveCfg = Release|Win32
		{588DC31A-CC31-4CD9-9C3C-9CE92C4F5871}.Release|x86.Build.0 = Release|Win32
		{588DC31A-CC31-4CD9-9C3C-9CE92C4F5871}.RelWithDebInfo|x64.ActiveCfg = Release|x64
		{588DC31A-CC31-4CD9-9C3C-9CE92C4F5871}.RelWithDebInfo|x64.Build.0 = Release|x64
		{588DC31A-CC31-4CD9-9C3C-9CE92C4F5871}.RelWithDebInfo|x86.ActiveCfg = Release|Win32
		{588DC31A-CC31-4CD9-9C3C-9CE92C4F5871}.RelWithDebInfo|x86.Build.0 = Release|Win32
		{5F518D69-FEE2-423C-9CA3-FAAABF904848}.Debug|x64.ActiveCfg = Debug|x64
		{5F518D69-FEE2-423C-9CA3-FAAABF904848}.Debug|x64.Build.0 = Debug|x64
		{5F518D69-FEE2-423C-9CA3-FAAABF904848}.Debug|x86.ActiveCfg = Debug|Win32
		{5F518D69-FEE2-423C-9CA3-FAAABF904848}.Debug|x86.Build.0 = Debug|Win32
		{5F518D69-FEE2-423C-9CA3-FAAABF904848}.MinSizeRel|x64.ActiveCfg = Release|x64
		{5F518D69-FEE2-423C-9CA3-FAAABF904848}.MinSizeRel|x64.Build.0 = Release|x64
		{5F518D69-FEE2-423C-9CA3-FAAABF904848}.MinSizeRel|x86.ActiveCfg = Release|Win32
		{5F518D69-FEE2-423C-9CA3-FAAABF904848}.MinSizeRel|x86.Build.0 = Release|Win32
		{5F518D69-FEE2-423C-9CA3-FAAABF904848}.Release|x64.ActiveCfg = Release|x64
		{5F518D69-FEE2-423C-9CA3-FAAABF904848}.Release|x64.Build.0 = Release|x64
		{5F518D69-FEE2-423C-9CA3-FAAABF904848}.Release|x86.ActiveCfg = Release|Win32
		{5F518D69-FEE2-423C-9CA3-FAAABF904848}.Release|x86.Build.0 = Release|Win32
		{5F518D69-FEE2-423C-9CA3-FAAABF904848}.RelWithDebInfo|x64.ActiveCfg = Release|x64
		{5F518D69-FEE2-423C-9CA3-FAAABF904848}.RelWithDebInfo|x64.Build.0 = Release|x64
		{5F518D69-FEE2-423C-9CA3-FAAABF904848}.RelWithDebInfo|x86.ActiveCfg = Release|Win32
		{5F518D69-FEE2-423C-9CA3-FAAABF904848}.RelWithDebInfo|x86.Build.0 = Release|Win32
		{EF54D949-E0C9-4A36-8EC9-A946EAC881B2}.Debug|x64.ActiveCfg = Debug|x64
		{EF54D949-E0C9-4A36-8EC9-A946EAC881B2}.Debug|x64.Build.0 = Debug|x64
		{EF54D949-E0C9-4A36-8EC9-A946EAC881B2}.Debug|x86.ActiveCfg = Debug|Win32
		{EF54D949-E0C9-4A36-8EC9-A946EAC881B2}.Debug|x86.Build.0 = Debug|Win32
		{EF54D949-E0C9-4A36-8EC9-A946EAC881B2}.MinSizeRel|x64.ActiveCfg = Release|x64
		{EF54D949-E0C9-4A36-8EC9-A946EAC881B2}.MinSizeRel|x64.Build.0 = Release|x64
		{EF54D949-E0C9-4A36-8EC9-A946EAC881B2}.MinSizeRel|x86.ActiveCfg = Release|Win32
		{EF54D949-E0C9-4A36-8EC9-A946EAC881B2}.MinSizeRel|x86.Build.0 = Release|Win32
		{EF54D949-E0C9-4A36-8EC9-A946EAC881B2}.Release|x64.ActiveCfg = Release|x64
		{EF54D949-E0C9-4A36-8EC9-A946EAC881B2}.Release|x64.Build.0 = Release|x64
		{EF54D949-E0C9-4A36-8EC9-A946EAC881B2}.Release|x86.ActiveCfg = Release|Win32
		{EF54D949-E0C9-4A36-8EC9-A946EAC881B2}.Release|x86.Build.0 = Release|Win32
		{EF54D949-E0C9-4A36-8EC9-A946EAC881B2}.RelWithDebInfo|x64.ActiveCfg = Release|x64
		{EF54D949-E0C9-4A36-8EC9-A946EAC881B2}.RelWithDebInfo|x64.Build.0 = Release|x64
		{EF54D949-E0C9-4A36-8EC9-A946EAC881B2}.RelWithDebInfo|x86.ActiveCfg = Release|Win32
		{EF54D949-E0C9-4A36-8EC9-A946EAC881B2}.RelWithDebInfo|x86.Build.0 = Release|Win32
		{E5AE3DF1-95E4-4F57-8619-131901BE60BE}.Debug|x64.ActiveCfg = Debug|x64
		{E5AE3DF1-95E4-4F57-8619-131901BE60BE}.Debug|x64.Build.0 = Debug|x64
		{E5AE3DF1-95E4-4F57-8619-131901BE60BE}.Debug|x86.ActiveCfg = Debug|Win32
		{E5AE3DF1-95E4-4F57-8619-131901BE60BE}.Debug|x86.Build.0 = Debug|Win32
		{E5AE3DF1-95E4-4F57-8619-131901BE60BE}.MinSizeRel|x64.ActiveCfg = Release|x64
		{E5AE3DF1-95E4-4F57-8619-131901BE60BE}.MinSizeRel|x64.Build.0 = Release|x64
		{E5AE3DF1-95E4-4F57-8619-131901BE60BE}.MinSizeRel|x86.ActiveCfg = Release|Win32
		{E5AE3DF1-95E4-4F57-8619-131901BE60BE}.MinSizeRel|x86.Build.0 = Release|Win32
		{E5AE3DF1-95E4-4F57-8619-131901BE60BE}.Release|x64.ActiveCfg = Release|x64
		{E5AE3DF1-95E4-4F57-8619-131901BE60BE}.Release|x64.Build.0 = Release|x64
		{E5AE3DF1-95E4-4F57-8619-131901BE60BE}.Release|x86.ActiveCfg = Release|Win32
		{E5AE3DF1-95E4-4F57-8619-131901BE60BE}.Release|x86.Build.0 = Release|Win32
		{E5AE3DF1-95E4-4F57-8619-131901BE60BE}.RelWithDebInfo|x64.ActiveCfg = Release|x64
		{E5AE3DF1-95E4-4F57-8619-131901BE60BE}.RelWithDebInfo|x64.Build.0 = Release|x64
		{E5AE3DF1-95E4-4F57-8619-131901BE60BE}.RelWithDebInfo|x86.ActiveCfg = Release|Win32
		{E5AE3DF1-95E4-4F57-8619-131901BE60BE}.RelWithDebInfo|x86.Build.0 = Release|Win32
		{23A61216-ADA7-46CD-B129-6088F4C5A0AB}.Debug|x64.ActiveCfg = Debug|x64
		{23A61216-ADA7-46CD-B129-6088F4C5A0AB}.Debug|x64.Build.0 = Debug|x64
		{23A61216-ADA7-46CD-B129-6088F4C5A0AB}.Debug|x86.ActiveCfg = Debug|Win32
		{23A61216-ADA7-46CD-B129-6088F4C5A0AB}.Debug|x86.Build.0 = Debug|Win32
		{23A61216-ADA7-46CD-B129-6088F4C5A0AB}.MinSizeRel|x64.ActiveCfg = Release|x64
		{23A61216-ADA7-46CD-B129-6088F4C5A0AB}.MinSizeRel|x64.Build.0 = Release|x64
		{23A61216-ADA7-46CD-B129-6088F4C5A0AB}.MinSizeRel|x86.ActiveCfg = Release|Win32
		{23A61216-ADA7-46CD-B129-6088F4C5A0AB}.MinSizeRel|x86.Build.0 = Release|Win32
		{23A61216-ADA7-46CD-B129-6088F4C5A0AB}.Release|x64.ActiveCfg = Release|x64
		{23A61216-ADA7-46CD-B129-6088F4C5A0AB}.Release|x64.Build.0 = Release|x64
		{23A61216-ADA7-46CD-B129-6088F4C5A0AB}.Release|x86.ActiveCfg = Release|Win32
		{23A61216-ADA7-46CD-B129-6088F4C5A0AB}.Release|x86.Build.0 = Release|Win32
		{23A61216-ADA7-46CD-B129-6088F4C5A0AB}.RelWithDebInfo|x64.ActiveCfg = Release|x64
		{23A61216-ADA7-46CD-B129-6088F4C5A0AB}.RelWithDebInfo|x64.Build.0 = Release|x64
		{23A61216-ADA7-46CD-B129-6088F4C5A0AB}.RelWithDebInfo|x86.ActiveCfg = Release|Win32
		{23A61216-ADA7-46CD-B129-6088F4C5A0AB}.RelWithDebInfo|x86.Build.0 = Release|Win32
		{60123972-EE64-423A-99CD-20935A5C39D6}.Debug|x64.ActiveCfg = Debug|x64
		{60123972-EE64-423A-99CD-20935A5C39D6}.Debug|x64.Build.0 = Debug|x64
		{60123972-EE64-423A-99CD-20935A5C39D6}.Debug|x86.ActiveCfg = Debug|Win32
		{60123972-EE64-423A-99CD-20935A5C39D6}.Debug|x86.Build.0 = Debug|Win32
		{60123972-EE64-423A-99CD-20935A5C39D6}.MinSizeRel|x64.ActiveCfg = Release|x64
		{60123972-EE64-423A-99CD-20935A5C39D6}.MinSizeRel|x64.Build.0 = Release|x64
		{60123972-EE64-423A-99CD-20935A5C39D6}.MinSizeRel|x86.ActiveCfg = Release|Win32
		{60123972-EE64-423A-99CD-20935A5C39D6}.MinSizeRel|x86.Build.0 = Release|Win32
		{60123972-EE64-423A-99CD-20935A5C39D6}.Release|x64.ActiveCfg = Release|x64
		{60123972-EE64-423A-99CD-20935A5C39D6}.Release|x64.Build.0 = Release|x64
		{60123972-EE64-423A-99CD-20935A5C39D6}.Release|x86.ActiveCfg = Release|Win32
		{60123972-EE64-423A-99CD-20935A5C39D6}.Release|x86.Build.0 = Release|Win32
		{60123972-EE64-423A-99CD-20935A5C39D6}.RelWithDebInfo|x64.ActiveCfg = Release|x64
		{60123972-EE64-423A-99CD-20935A5C39D6}.RelWithDebInfo|x64.Build.0 = Release|x64
		{60123972-EE64-423A-99CD-20935A5C39D6}.RelWithDebInfo|x86.ActiveCfg = Release|Win32
		{60123972-EE64-423A-99CD-20935A5C39D6}.RelWithDebInfo|x86.Build.0 = Release|Win32
		{7D9908C1-C778-4411-8D31-8C7FFAE2F099}.Debug|x64.ActiveCfg = Debug|x64
		{7D9908C1-C778-4411-8D31-8C7FFAE2F099}.Debug|x64.Build.0 = Debug|x64
		{7D9908C1-C778-4411-8D31-8C7FFAE2F099}.Debug|x86.ActiveCfg = Debug|Win32
		{7D9908C1-C778-4411-8D31-8C7FFAE2F099}.Debug|x86.Build.0 = Debug|Win32
		{7D9908C1-C778-4411-8D31-8C7FFAE2F099}.MinSizeRel|x64.ActiveCfg = Release|x64
		{7D9908C1-C778-4411-8D31-8C7FFAE2F099}.MinSizeRel|x64.Build.0 = Release|x64
		{7D9908C1-C778-4411-8D31-8C7FFAE2F099}.MinSizeRel|x86.ActiveCfg = Release|Win32
		{7D9908C1-C778-4411-8D31-8C7FFAE2F099}.MinSizeRel|x86.Build.0 = Release|Win32
		{7D9908C1-C778-4411-8D31-8C7FFAE2F099}.Release|x64.ActiveCfg = Release|x64
		{7D9908C1-C778-4411-8D31-8C7FFAE2F099}.Release|x64.Build.0 = Release|x64
		{7D9908C1-C778-4411-8D31-8C7FFAE2F099}.Release|x86.ActiveCfg = Release|Win32
		{7D9908C1-C778-4411-8D31-8C7FFAE2F099}.Release|x86.Build.0 = Release|Win32
		{7D9908C1-C778-4411-8D31-8C7FFAE2F099}.RelWithDebInfo|x64.ActiveCfg = Release|x64
		{7D9908C1-C778-4411-8D31-8C7FFAE2F099}.RelWithDebInfo|x64.Build.0 = Release|x64
		{7D9908C1-C778-4411-8D31-8C7FFAE2F099}.RelWithDebInfo|x86.ActiveCfg = Release|Win32
		{7D9908C1-C778-4411-8D31-8C7FFAE2F099}.RelWithDebInfo|x86.Build.0 = Release|Win32
		{EF063647-53F8-4726-9BB9-D0E1BEC46A87}.Debug|x64.ActiveCfg = Debug|x64
		{EF063647-53F8-4726-9BB9-D0E1BEC46A87}.Debug|x64.Build.0 = Debug|x64
		{EF063647-53F8-4726-9BB9-D0E1BEC46A87}.Debug|x86.ActiveCfg = Debug|Win32
		{EF063647-53F8-4726-9BB9-D0E1BEC46A87}.Debug|x86.Build.0 = Debug|Win32
		{EF063647-53F8-4726-9BB9-D0E1BEC46A87}.MinSizeRel|x64.ActiveCfg = Release|x64
		{EF063647-53F8-4726-9BB9-D0E1BEC46A87}.MinSizeRel|x64.Build.0 = Release|x64
		{EF063647-53F8-4726-9BB9-D0E1BEC46A87}.MinSizeRel|x86.ActiveCfg = Release|Win32
		{EF063647-53F8-4726-9BB9-D0E1BEC46A87}.MinSizeRel|x86.Build.0 = Release|Win32
		{EF063647-53F8-4726-9BB9-D0E1BEC46A87}.Release|x64.ActiveCfg = Release|x64
		{EF063647-53F8-4726-9BB9-D0E1BEC46A87}.Release|x64.Build.0 = Release|x64
		{EF063647-53F8-4726-9BB9-D0E1BEC46A87}.Release|x86.ActiveCfg = Release|Win32
		{EF063647-53F8-4726-9BB9-D0E1BEC46A87}.Release|x86.Build.0 = Release|Win32
		{EF063647-53F8-4726-9BB9-D0E1BEC46A87}.RelWithDebInfo|x64.ActiveCfg = Release|x64
		{EF063647-53F8-4726-9BB9-D0E1BEC46A87}.RelWithDebInfo|x64.Build.0 = Release|x64
		{EF063647-53F8-4726-9BB9-D0E1BEC46A87}.RelWithDebInfo|x86.ActiveCfg = Release|Win32
		{EF063647-53F8-4726-9BB9-D0E1BEC46A87}.RelWithDebInfo|x86.Build.0 = Release|Win32
		{2E44EF1B-2BE1-4EDE-9207-0ECC71FC2247}.Debug|x64.ActiveCfg = Debug|x64
		{2E44EF1B-2BE1-4EDE-9207-0ECC71FC2247}.Debug|x64.Build.0 = Debug|x64
		{2E44EF1B-2BE1-4EDE-9207-0ECC71FC2247}.Debug|x86.ActiveCfg = Debug|Win32
		{2E44EF1B-2BE1-4EDE-9207-0ECC71FC2247}.Debug|x86.Build.0 = Debug|Win32
		{2E44EF1B-2BE1-4EDE-9207-0ECC71FC2247}.MinSizeRel|x64.ActiveCfg = Release|x64
		{2E44EF1B-2BE1-4EDE-9207-0ECC71FC2247}.MinSizeRel|x64.Build.0 = Release|x64
		{2E44EF1B-2BE1-4EDE-9207-0ECC71FC2247}.MinSizeRel|x86.ActiveCfg = Release|Win32
		{2E44EF1B-2BE1-4EDE-9207-0ECC71FC2247}.MinSizeRel|x86.Build.0 = Release|Win32
		{2E44EF1B-2BE1-4EDE-9207-0ECC71FC2247}.Release|x64.ActiveCfg = Release|x64
		{2E44EF1B-2BE1-4EDE-9207-0ECC71FC2247}.Release|x64.Build.0 = Release|x64
		{2E44EF1B-2BE1-4EDE-9207-0ECC71FC2247}.Release|x86.ActiveCfg = Release|Win32
		{2E44EF1B-2BE1-4EDE-9207-0ECC71FC2247}.Release|x86.Build.0 = Release|Win32
		{2E44EF1B-2BE1-4EDE-9207-0ECC71FC2247}.RelWithDebInfo|x64.ActiveCfg = Release|x64
		{2E44EF1B-2BE1-4EDE-9207-0ECC71FC2247}.RelWithDebInfo|x64.Build.0 = Release|x64
		{2E44EF1B-2BE1-4EDE-9207-0ECC71FC2247}.RelWithDebInfo|x86.ActiveCfg = Release|Win32
		{2E44EF1B-2BE1-4EDE-9207-0ECC71FC2247}.RelWithDebInfo|x86.Build.0 = Release|Win32
		{49112D17-FB78-42A6-B05B-D79D0CB48F12}.Debug|x64.ActiveCfg = Debug|x64
		{49112D17-FB78-42A6-B05B-D79D0CB48F12}.Debug|x64.Build.0 = Debug|x64
		{49112D17-FB78-42A6-B05B-D79D0CB48F12}.Debug|x86.ActiveCfg = Debug|Win32
		{49112D17-FB78-42A6-B05B-D79D0CB48F12}.Debug|x86.Build.0 = Debug|Win32
		{49112D17-FB78-42A6-B05B-D79D0CB48F12}.MinSizeRel|x64.ActiveCfg = Release|x64
		{49112D17-FB78-42A6-B05B-D79D0CB48F12}.MinSizeRel|x64.Build.0 = Release|x64
		{49112D17-FB78-42A6-B05B-D79D0CB48F12}.MinSizeRel|x86.ActiveCfg = Release|Win32
		{49112D17-FB78-42A6-B05B-D79D0CB48F12}.MinSizeRel|x86.Build.0 = Release|Win32
		{49112D17-FB78-42A6-B05B-D79D0CB48F12}.Release|x64.ActiveCfg = Release|x64
		{49112D17-FB78-42A6-B05B-D79D0CB48F12}.Release|x64.Build.0 = Release|x64
		{49112D17-FB78-42A6-B05B-D79D0CB48F12}.Release|x86.ActiveCfg = Release|Win32
		{49112D17-FB78-42A6-B05B-D79D0CB48F12}.Release|x86.Build.0 = Release|Win32
		{49112D17-FB78-42A6-B05B-D79D0CB48F12}.RelWithDebInfo|x64.ActiveCfg = Release|x64
		{49112D17-FB78-42A6-B05B-D79D0CB48F12}.RelWithDebInfo|x64.Build.0 = Release|x64
		{49112D17-FB78-42A6-B05B-D79D0CB48F12}.RelWithDebInfo|x86.ActiveCfg = Release|Win32
		{49112D17-FB78-42A6-B05B-D79D0CB48F12}.RelWithDebInfo|x86.Build.0 = Release|Win32
		{6F6875EE-2CA5-4CBA-8DF3-BCE016141E6E}.Debug|x64.ActiveCfg = Debug|x64
		{6F6875EE-2CA5-4CBA-8DF3-BCE016141E6E}.Debug|x64.Build.0 = Debug|x64
		{6F6875EE-2CA5-4CBA-8DF3-BCE016141E6E}.Debug|x86.ActiveCfg = Debug|Win32
		{6F6875EE-2CA5-4CBA-8DF3-BCE016141E6E}.Debug|x86.Build.0 = Debug|Win32
		{6F6875EE-2CA5-4CBA-8DF3-BCE016141E6E}.MinSizeRel|x64.ActiveCfg = Release|x64
		{6F6875EE-2CA5-4CBA-8DF3-BCE016141E6E}.MinSizeRel|x64.Build.0 = Release|x64
		{6F6875EE-2CA5-4CBA-8DF3-BCE016141E6E}.MinSizeRel|x86.ActiveCfg = Release|Win32
		{6F6875EE-2CA5-4CBA-8DF3-BCE016141E6E}.MinSizeRel|x86.Build.0 = Release|Win32
		{6F6875EE-2CA5-4CBA-8DF3-BCE016141E6E}.Release|x64.ActiveCfg = Release|x64
		{6F6875EE-2CA5-4CBA-8DF3-BCE016141E6E}.Release|x64.Build.0 = Release|x64
		{6F6875EE-2CA5-4CBA-8DF3-BCE016141E6E}.Release|x86.ActiveCfg = Release|Win32
		{6F6875EE-2CA5-4CBA-8DF3-BCE016141E6E}.Release|x86.Build.0 = Release|Win32
		{6F6875EE-2CA5-4CBA-8DF3-BCE016141E6E}.RelWithDebInfo|x64.ActiveCfg = Release|x64
		{6F6875EE-2CA5-4CBA-8DF3-BCE016141E6E}.RelWithDebInfo|x64.Build.0 = Release|x64
		{6F6875EE-2CA5-4CBA-8DF3-BCE016141E6E}.RelWithDebInfo|x86.ActiveCfg = Release|Win32
		{6F6875EE-2CA5-4CBA-8DF3-BCE016141E6E}.RelWithDebInfo|x86.Build.0 = Release|Win32
		{0021A45A-47D4-43E3-A1E2-B28FC59C1C3B}.Debug|x64.ActiveCfg = Debug|x64
		{0021A45A-47D4-43E3-A1E2-B28FC59C1C3B}.Debug|x64.Build.0 = Debug|x64
		{0021A45A-47D4-43E3-A1E2-B28FC59C1C3B}.Debug|x86.ActiveCfg = Debug|Win32
		{0021A45A-47D4-43E3-A1E2-B28FC59C1C3B}.Debug|x86.Build.0 = Debug|Win32
		{0021A45A-47D4-43E3-A1E2-B28FC59C1C3B}.MinSizeRel|x64.ActiveCfg = Release|x64
		{0021A45A-47D4-43E3-A1E2-B28FC59C1C3B}.MinSizeRel|x64.Build.0 = Release|x64
		{0021A45A-47D4-43E3-A1E2-B28FC59C1C3B}.MinSizeRel|x86.ActiveCfg = Release|Win32
		{0021A45A-47D4-43E3-A1E2-B28FC59C1C3B}.MinSizeRel|x86.Build.0 = Release|Win32
		{0021A45A-47D4-43E3-A1E2-B28FC59C1C3B}.Release|x64.ActiveCfg = Release|x64
		{0021A45A-47D4-43E3-A1E2-B28FC59C1C3B}.Release|x64.Build.0 = Release|x64
		{0021A45A-47D4-43E3-A1E2-B28FC59C1C3B}.Release|x86.ActiveCfg = Release|Win32
		{0021A45A-47D4-43E3-A1E2-B28FC59C1C3B}.Release|x86.Build.0 = Release|Win32
		{0021A45A-47D4-43E3-A1E2-B28FC59C1C3B}.RelWithDebInfo|x64.ActiveCfg = Release|x64
		{0021A45A-47D4-43E3-A1E2-B28FC59C1C3B}.RelWithDebInfo|x64.Build.0 = Release|x64
		{0021A45A-47D4-43E3-A1E2-B28FC59C1C3B}.RelWithDebInfo|x86.ActiveCfg = Release|Win32
		{0021A45A-47D4-43E3-A1E2-B28FC59C1C3B}.RelWithDebInfo|x86.Build.0 = Release|Win32
		{E8F9443A-B18D-487C-852A-C762DA10B769}.Debug|x64.ActiveCfg = Debug|x64
		{E8F9443A-B18D-487C-852A-C762DA10B769}.Debug|x64.Build.0 = Debug|x64
		{E8F9443A-B18D-487C-852A-C762DA10B769}.Debug|x86.ActiveCfg = Debug|Win32
		{E8F9443A-B18D-487C-852A-C762DA10B769}.Debug|x86.Build.0 = Debug|Win32
		{E8F9443A-B18D-487C-852A-C762DA10B769}.MinSizeRel|x64.ActiveCfg = Release|x64
		{E8F9443A-B18D-487C-852A-C762DA10B769}.MinSizeRel|x64.Build.0 = Release|x64
		{E8F9443A-B18D-487C-852A-C762DA10B769}.MinSizeRel|x86.ActiveCfg = Release|Win32
		{E8F9443A-B18D-487C-852A-C762DA10B769}.MinSizeRel|x86.Build.0 = Release|Win32
		{E8F9443A-B18D-487C-852A-C762DA10B769}.Release|x64.ActiveCfg = Release|x64
		{E8F9443A-B18D-487C-852A-C762DA10B769}.Release|x64.Build.0 = Release|x64
		{E8F9443A-B18D-487C-852A-C762DA10B769}.Release|x86.ActiveCfg = Release|Win32
		{E8F9443A-B18D-487C-852A-C762DA10B769}.Release|x86.Build.0 = Release|Win32
		{E8F9443A-B18D-487C-852A-C762DA10B769}.RelWithDebInfo|x64.ActiveCfg = Release|x64
		{E8F9443A-B18D-487C-852A-C762DA10B769}.RelWithDebInfo|x64.Build.0 = Release|x64
		{E8F9443A-B18D-487C-852A-C762DA10B769}.RelWithDebInfo|x86.ActiveCfg = Release|Win32
		{E8F9443A-B18D-487C-852A-C762DA10B769}.RelWithDebInfo|x86.Build.0 = Release|Win32
		{EA8ECB8A-6A35-4406-BC39-A1D8A6B4AEB2}.Debug|x64.ActiveCfg = Debug|x64
		{EA8ECB8A-6A35-4406-BC39-A1D8A6B4AEB2}.Debug|x64.Build.0 = Debug|x64
		{EA8ECB8A-6A35-4406-BC39-A1D8A6B4AEB2}.Debug|x86.ActiveCfg = Debug|Win32
		{EA8ECB8A-6A35-4406-BC39-A1D8A6B4AEB2}.Debug|x86.Build.0 = Debug|Win32
		{EA8ECB8A-6A35-4406-BC39-A1D8A6B4AEB2}.MinSizeRel|x64.ActiveCfg = Release|x64
		{EA8ECB8A-6A35-4406-BC39-A1D8A6B4AEB2}.MinSizeRel|x64.Build.0 = Release|x64
		{EA8ECB8A-6A35-4406-BC39-A1D8A6B4AEB2}.MinSizeRel|x86.ActiveCfg = Release|Win32
		{EA8ECB8A-6A35-4406-BC39-A1D8A6B4AEB2}.MinSizeRel|x86.Build.0 = Release|Win32
		{EA8ECB8A-6A35-4406-BC39-A1D8A6B4AEB2}.Release|x64.ActiveCfg = Release|x64
		{EA8ECB8A-6A35-4406-BC39-A1D8A6B4AEB2}.Release|x64.Build.0 = Release|x64
		{EA8ECB8A-6A35-4406-BC39-A1D8A6B4AEB2}.Release|x86.ActiveCfg = Release|Win32
		{EA8ECB8A-6A35-4406-BC39-A1D8A6B4AEB2}.Release|x86.Build.0 = Release|Win32
		{EA8ECB8A-6A35-4406-BC39-A1D8A6B4AEB2}.RelWithDebInfo|x64.ActiveCfg = Release|x64
		{EA8ECB8A-6A35-4406-BC39-A1D8A6B4AEB2}.RelWithDebInfo|x64.Build.0 = Release|x64
		{EA8ECB8A-6A35-4406-BC39-A1D8A6B4AEB2}.RelWithDebInfo|x86.ActiveCfg = Release|Win32
		{EA8ECB8A-6A35-4406-BC39-A1D8A6B4AEB2}.RelWithDebInfo|x86.Build.0 = Release|Win32
		{D4615D38-BE44-4F40-8CF1-8723DF3481AC}.Debug|x64.ActiveCfg = Debug|x64
		{D4615D38-BE44-4F40-8CF1-8723DF3481AC}.Debug|x64.Build.0 = Debug|x64
		{D4615D38-BE44-4F40-8CF1-8723DF3481AC}.Debug|x86.ActiveCfg = Debug|x64
		{D4615D38-BE44-4F40-8CF1-8723DF3481AC}.Debug|x86.Build.0 = Debug|x64
		{D4615D38-BE44-4F40-8CF1-8723DF3481AC}.MinSizeRel|x64.ActiveCfg = MinSizeRel|x64
		{D4615D38-BE44-4F40-8CF1-8723DF3481AC}.MinSizeRel|x64.Build.0 = MinSizeRel|x64
		{D4615D38-BE44-4F40-8CF1-8723DF3481AC}.MinSizeRel|x86.ActiveCfg = MinSizeRel|x64
		{D4615D38-BE44-4F40-8CF1-8723DF3481AC}.MinSizeRel|x86.Build.0 = MinSizeRel|x64
		{D4615D38-BE44-4F40-8CF1-8723DF3481AC}.Release|x64.ActiveCfg = Release|x64
		{D4615D38-BE44-4F40-8CF1-8723DF3481AC}.Release|x64.Build.0 = Release|x64
		{D4615D38-BE44-4F40-8CF1-8723DF3481AC}.Release|x86.ActiveCfg = Release|x64
		{D4615D38-BE44-4F40-8CF1-8723DF3481AC}.Release|x86.Build.0 = Release|x64
		{D4615D38-BE44-4F40-8CF1-8723DF3481AC}.RelWithDebInfo|x64.ActiveCfg = RelWithDebInfo|x64
		{D4615D38-BE44-4F40-8CF1-8723DF3481AC}.RelWithDebInfo|x64.Build.0 = RelWithDebInfo|x64
		{D4615D38-BE44-4F40-8CF1-8723DF3481AC}.RelWithDebInfo|x86.ActiveCfg = RelWithDebInfo|x64
		{D4615D38-BE44-4F40-8CF1-8723DF3481AC}.RelWithDebInfo|x86.Build.0 = RelWithDebInfo|x64
		{C3FB0AC5-3D1F-439E-9641-EA47B71494EB}.Debug|x64.ActiveCfg = Debug|x64
		{C3FB0AC5-3D1F-439E-9641-EA47B71494EB}.Debug|x64.Build.0 = Debug|x64
		{C3FB0AC5-3D1F-439E-9641-EA47B71494EB}.Debug|x86.ActiveCfg = Debug|x64
		{C3FB0AC5-3D1F-439E-9641-EA47B71494EB}.Debug|x86.Build.0 = Debug|x64
		{C3FB0AC5-3D1F-439E-9641-EA47B71494EB}.MinSizeRel|x64.ActiveCfg = MinSizeRel|x64
		{C3FB0AC5-3D1F-439E-9641-EA47B71494EB}.MinSizeRel|x64.Build.0 = MinSizeRel|x64
		{C3FB0AC5-3D1F-439E-9641-EA47B71494EB}.MinSizeRel|x86.ActiveCfg = MinSizeRel|x64
		{C3FB0AC5-3D1F-439E-9641-EA47B71494EB}.MinSizeRel|x86.Build.0 = MinSizeRel|x64
		{C3FB0AC5-3D1F-439E-9641-EA47B71494EB}.Release|x64.ActiveCfg = Release|x64
		{C3FB0AC5-3D1F-439E-9641-EA47B71494EB}.Release|x64.Build.0 = Release|x64
		{C3FB0AC5-3D1F-439E-9641-EA47B71494EB}.Release|x86.ActiveCfg = Release|x64
		{C3FB0AC5-3D1F-439E-9641-EA47B71494EB}.Release|x86.Build.0 = Release|x64
		{C3FB0AC5-3D1F-439E-9641-EA47B71494EB}.RelWithDebInfo|x64.ActiveCfg = RelWithDebInfo|x64
		{C3FB0AC5-3D1F-439E-9641-EA47B71494EB}.RelWithDebInfo|x64.Build.0 = RelWithDebInfo|x64
		{C3FB0AC5-3D1F-439E-9641-EA47B71494EB}.RelWithDebInfo|x86.ActiveCfg = RelWithDebInfo|x64
		{C3FB0AC5-3D1F-439E-9641-EA47B71494EB}.RelWithDebInfo|x86.Build.0 = RelWithDebInfo|x64
		{19AAD1E4-5D87-415B-8C6D-C8DE9BC5140A}.Debug|x64.ActiveCfg = Debug|x64
		{19AAD1E4-5D87-415B-8C6D-C8DE9BC5140A}.Debug|x64.Build.0 = Debug|x64
		{19AAD1E4-5D87-415B-8C6D-C8DE9BC5140A}.Debug|x86.ActiveCfg = Debug|x64
		{19AAD1E4-5D87-415B-8C6D-C8DE9BC5140A}.Debug|x86.Build.0 = Debug|x64
		{19AAD1E4-5D87-415B-8C6D-C8DE9BC5140A}.MinSizeRel|x64.ActiveCfg = MinSizeRel|x64
		{19AAD1E4-5D87-415B-8C6D-C8DE9BC5140A}.MinSizeRel|x64.Build.0 = MinSizeRel|x64
		{19AAD1E4-5D87-415B-8C6D-C8DE9BC5140A}.MinSizeRel|x86.ActiveCfg = MinSizeRel|x64
		{19AAD1E4-5D87-415B-8C6D-C8DE9BC5140A}.MinSizeRel|x86.Build.0 = MinSizeRel|x64
		{19AAD1E4-5D87-415B-8C6D-C8DE9BC5140A}.Release|x64.ActiveCfg = Release|x64
		{19AAD1E4-5D87-415B-8C6D-C8DE9BC5140A}.Release|x64.Build.0 = Release|x64
		{19AAD1E4-5D87-415B-8C6D-C8DE9BC5140A}.Release|x86.ActiveCfg = Release|x64
		{19AAD1E4-5D87-415B-8C6D-C8DE9BC5140A}.Release|x86.Build.0 = Release|x64
		{19AAD1E4-5D87-415B-8C6D-C8DE9BC5140A}.RelWithDebInfo|x64.ActiveCfg = RelWithDebInfo|x64
		{19AAD1E4-5D87-415B-8C6D-C8DE9BC5140A}.RelWithDebInfo|x64.Build.0 = RelWithDebInfo|x64
		{19AAD1E4-5D87-415B-8C6D-C8DE9BC5140A}.RelWithDebInfo|x86.ActiveCfg = RelWithDebInfo|x64
		{19AAD1E4-5D87-415B-8C6D-C8DE9BC5140A}.RelWithDebInfo|x86.Build.0 = RelWithDebInfo|x64
		{B0456A01-8683-46D3-B916-B13A56AFC1BA}.Debug|x64.ActiveCfg = Debug|x64
		{B0456A01-8683-46D3-B916-B13A56AFC1BA}.Debug|x64.Build.0 = Debug|x64
		{B0456A01-8683-46D3-B916-B13A56AFC1BA}.Debug|x86.ActiveCfg = Debug|x64
		{B0456A01-8683-46D3-B916-B13A56AFC1BA}.Debug|x86.Build.0 = Debug|x64
		{B0456A01-8683-46D3-B916-B13A56AFC1BA}.MinSizeRel|x64.ActiveCfg = MinSizeRel|x64
		{B0456A01-8683-46D3-B916-B13A56AFC1BA}.MinSizeRel|x64.Build.0 = MinSizeRel|x64
		{B0456A01-8683-46D3-B916-B13A56AFC1BA}.MinSizeRel|x86.ActiveCfg = MinSizeRel|x64
		{B0456A01-8683-46D3-B916-B13A56AFC1BA}.MinSizeRel|x86.Build.0 = MinSizeRel|x64
		{B0456A01-8683-46D3-B916-B13A56AFC1BA}.Release|x64.ActiveCfg = Release|x64
		{B0456A01-8683-46D3-B916-B13A56AFC1BA}.Release|x64.Build.0 = Release|x64
		{B0456A01-8683-46D3-B916-B13A56AFC1BA}.Release|x86.ActiveCfg = Release|x64
		{B0456A01-8683-46D3-B916-B13A56AFC1BA}.Release|x86.Build.0 = Release|x64
		{B0456A01-8683-46D3-B916-B13A56AFC1BA}.RelWithDebInfo|x64.ActiveCfg = RelWithDebInfo|x64
		{B0456A01-8683-46D3-B916-B13A56AFC1BA}.RelWithDebInfo|x64.Build.0 = RelWithDebInfo|x64
		{B0456A01-8683-46D3-B916-B13A56AFC1BA}.RelWithDebInfo|x86.ActiveCfg = RelWithDebInfo|x64
		{B0456A01-8683-46D3-B916-B13A56AFC1BA}.RelWithDebInfo|x86.Build.0 = RelWithDebInfo|x64
		{2EC27F7C-903E-4268-910B-F221B2B4A93F}.Debug|x64.ActiveCfg = Debug|x64
		{2EC27F7C-903E-4268-910B-F221B2B4A93F}.Debug|x64.Build.0 = Debug|x64
		{2EC27F7C-903E-4268-910B-F221B2B4A93F}.Debug|x86.ActiveCfg = Debug|x64
		{2EC27F7C-903E-4268-910B-F221B2B4A93F}.Debug|x86.Build.0 = Debug|x64
		{2EC27F7C-903E-4268-910B-F221B2B4A93F}.MinSizeRel|x64.ActiveCfg = MinSizeRel|x64
		{2EC27F7C-903E-4268-910B-F221B2B4A93F}.MinSizeRel|x64.Build.0 = MinSizeRel|x64
		{2EC27F7C-903E-4268-910B-F221B2B4A93F}.MinSizeRel|x86.ActiveCfg = MinSizeRel|x64
		{2EC27F7C-903E-4268-910B-F221B2B4A93F}.MinSizeRel|x86.Build.0 = MinSizeRel|x64
		{2EC27F7C-903E-4268-910B-F221B2B4A93F}.Release|x64.ActiveCfg = Release|x64
		{2EC27F7C-903E-4268-910B-F221B2B4A93F}.Release|x64.Build.0 = Release|x64
		{2EC27F7C-903E-4268-910B-F221B2B4A93F}.Release|x86.ActiveCfg = Release|x64
		{2EC27F7C-903E-4268-910B-F221B2B4A93F}.Release|x86.Build.0 = Release|x64
		{2EC27F7C-903E-4268-910B-F221B2B4A93F}.RelWithDebInfo|x64.ActiveCfg = RelWithDebInfo|x64
		{2EC27F7C-903E-4268-910B-F221B2B4A93F}.RelWithDebInfo|x64.Build.0 = RelWithDebInfo|x64
		{2EC27F7C-903E-4268-910B-F221B2B4A93F}.RelWithDebInfo|x86.ActiveCfg = RelWithDebInfo|x64
		{2EC27F7C-903E-4268-910B-F221B2B4A93F}.RelWithDebInfo|x86.Build.0 = RelWithDebInfo|x64
	EndGlobalSection
	GlobalSection(SolutionProperties) = preSolution
		HideSolutionNode = FALSE
	EndGlobalSection
	GlobalSection(ExtensibilityGlobals) = postSolution
		SolutionGuid = {35370476-9EAE-419A-93C4-F72200857416}
	EndGlobalSection
EndGlobal
